{
  "name": "es-offerings-site-feed",
  "version": "1.0.0",
  "lockfileVersion": 2,
  "requires": true,
  "packages": {
    "": {
      "name": "es-offerings-site-feed",
      "version": "1.0.0",
      "license": "MIT",
      "dependencies": {
        "@primer/css": "^17.3.0",
        "@primer/octicons": "^11.1.0"
      }
    },
    "node_modules/@primer/css": {
      "version": "17.4.0",
      "license": "MIT",
      "dependencies": {
        "@primer/primitives": "^4.3.5"
      }
    },
    "node_modules/@primer/octicons": {
      "version": "11.3.0",
      "license": "MIT",
      "dependencies": {
        "object-assign": "^4.1.1"
      }
    },
    "node_modules/@primer/primitives": {
      "version": "4.5.1",
      "license": "MIT"
    }
  },
  "dependencies": {
    "@primer/css": {
      "version": "17.4.0",
      "requires": {
        "@primer/primitives": "^4.3.5"
      }
    },
    "@primer/octicons": {
      "version": "11.3.0",
      "requires": {
        "object-assign": "^4.1.1"
      }
    },
    "@primer/primitives": {
      "version": "4.5.1"
    }
  }
}
