{
  "name": "es-offerings-site-feed",
  "version": "1.0.0",
  "lockfileVersion": 2,
  "requires": true,
  "packages": {
    "": {
      "name": "es-offerings-site-feed",
      "version": "1.0.0",
      "license": "MIT",
      "dependencies": {
        "@primer/css": "^20.5.1",
        "@primer/octicons": "^17.8.0"
      }
    },
    "node_modules/@primer/css": {
      "version": "20.5.1",
      "resolved": "https://registry.npmjs.org/@primer/css/-/css-20.5.1.tgz",
      "integrity": "sha512-kMjlYzXqE0k6xIKC0BCZEDlngYZUcvbTgDWqUVbOk9IM19EYTMgHxME5i8wHpVGH22fQb8jnMbShdIq03uCWJw==",
      "dependencies": {
        "@primer/primitives": "^7.9.0"
      },
      "engines": {
        "node": "^12.20.0 || ^14.13.1 || >=16.0.0"
      }
    },
    "node_modules/@primer/octicons": {
      "version": "17.8.0",
      "resolved": "https://registry.npmjs.org/@primer/octicons/-/octicons-17.8.0.tgz",
      "integrity": "sha512-2OyvErMeqsJ/K1ZbQ902QowrwqXq+BMmGiL+PGqFzUQ85wmaWj+CobOwWPxBLs/xVGzacJJPt4fWcx4EMoRMkg==",
      "dependencies": {
        "object-assign": "^4.1.1"
      }
    },
    "node_modules/@primer/primitives": {
      "version": "7.10.0",
      "resolved": "https://registry.npmjs.org/@primer/primitives/-/primitives-7.10.0.tgz",
      "integrity": "sha512-DdLHq21e93R9qDHyRuRpytBLY0Up9IwNWMOUgPNW6lRSng4N4+IdUlLS3Ekbasmxfs8Z8vKS8aezeYovQ5qsxQ=="
    },
    "node_modules/object-assign": {
      "version": "4.1.1",
      "resolved": "https://registry.npmjs.org/object-assign/-/object-assign-4.1.1.tgz",
      "integrity": "sha512-rJgTQnkUnH1sFw8yT6VSU3zD3sWmu6sZhIseY8VX+GRu3P6F7Fu+JNDoXfklElbLJSnc3FUQHVe4cU5hj+BcUg==",
      "engines": {
        "node": ">=0.10.0"
      }
    }
  },
  "dependencies": {
    "@primer/css": {
      "version": "20.5.1",
      "resolved": "https://registry.npmjs.org/@primer/css/-/css-20.5.1.tgz",
      "integrity": "sha512-kMjlYzXqE0k6xIKC0BCZEDlngYZUcvbTgDWqUVbOk9IM19EYTMgHxME5i8wHpVGH22fQb8jnMbShdIq03uCWJw==",
      "requires": {
        "@primer/primitives": "^7.9.0"
      }
    },
    "@primer/octicons": {
      "version": "17.8.0",
      "resolved": "https://registry.npmjs.org/@primer/octicons/-/octicons-17.8.0.tgz",
      "integrity": "sha512-2OyvErMeqsJ/K1ZbQ902QowrwqXq+BMmGiL+PGqFzUQ85wmaWj+CobOwWPxBLs/xVGzacJJPt4fWcx4EMoRMkg==",
      "requires": {
        "object-assign": "^4.1.1"
      }
    },
    "@primer/primitives": {
      "version": "7.10.0",
      "resolved": "https://registry.npmjs.org/@primer/primitives/-/primitives-7.10.0.tgz",
      "integrity": "sha512-DdLHq21e93R9qDHyRuRpytBLY0Up9IwNWMOUgPNW6lRSng4N4+IdUlLS3Ekbasmxfs8Z8vKS8aezeYovQ5qsxQ=="
    },
    "object-assign": {
      "version": "4.1.1",
      "resolved": "https://registry.npmjs.org/object-assign/-/object-assign-4.1.1.tgz",
      "integrity": "sha512-rJgTQnkUnH1sFw8yT6VSU3zD3sWmu6sZhIseY8VX+GRu3P6F7Fu+JNDoXfklElbLJSnc3FUQHVe4cU5hj+BcUg=="
    }
  }
}
